{
    "version": "0.5",
    "requires": [
        "xorg/system#98f82cb669e4ebc6b4d9d8a4f3f1faf4%1725460968.361",
        "vulkan-loader/1.4.309.0#514f7fa2e866e59c43523869a7a23905%1742462310.255",
        "vulkan-headers/1.4.309.0#2f581b3b123240016ffaf61d3dd6816f%1741881167.188",
        "gtest/1.16.0#4fd8d9d80636ea9504de6a0ec1ab8686%1743410803.513",
        "fmt/11.2.0#579bb2cdf4a7607621beea4eb4651e0f%1746298708.362",
        "cxxopts/3.3.1#047ef7b8ae49e0d48a1450f4522dc041%1748330656.693"
    ],
    "build_requires": [
        "pkgconf/2.1.0#27f44583701117b571307cf5b5fe5605%1701537936.436",
        "ninja/1.12.1#fd583651bf0c6a901943495d49878803%1724079877.609",
        "meson/1.2.2#21b73818ba96d9eea465b310b5bbc993%1726730120.212",
        "cmake/3.31.7#57c3e118bcf267552c0ea3f8bee1e7d5%1749040552.758"
    ],
    "python_requires": [],
    "config_requires": []
}